
Microsoft Visual Studio Solution File, Format Version 12.00
# Visual Studio Version 16
VisualStudioVersion = 16.0.31105.61
MinimumVisualStudioVersion = 10.0.40219.1
Project("{FAE04EC0-301F-11D3-BF4B-00C04F79EFBC}") = "doublylinkedlists", "doublylinkedlists\doublylinkedlists.csproj", "{852990EC-D59F-4A0F-9DED-BEFDE6932F02}"
EndProject
Global
	GlobalSection(SolutionConfigurationPlatforms) = preSolution
		Debug|Any CPU = Debug|Any CPU
		Release|Any CPU = Release|Any CPU
	EndGlobalSection
	GlobalSection(ProjectConfigurationPlatforms) = postSolution
		{852990EC-D59F-4A0F-9DED-BEFDE6932F02}.Debug|Any CPU.ActiveCfg = Debug|Any CPU
		{852990EC-D59F-4A0F-9DED-BEFDE6932F02}.Debug|Any CPU.Build.0 = Debug|Any CPU
		{852990EC-D59F-4A0F-9DED-BEFDE6932F02}.Release|Any CPU.ActiveCfg = Release|Any CPU
		{852990EC-D59F-4A0F-9DED-BEFDE6932F02}.Release|Any CPU.Build.0 = Release|Any CPU
	EndGlobalSection
	GlobalSection(SolutionProperties) = preSolution
		HideSolutionNode = FALSE
	EndGlobalSection
	GlobalSection(ExtensibilityGlobals) = postSolution
		SolutionGuid = {6305DEB3-3B93-4A3D-8476-2AF7FB3E82A9}
	EndGlobalSection
EndGlobal
