
Microsoft Visual Studio Solution File, Format Version 12.00
# Visual Studio Version 16
VisualStudioVersion = 16.0.31205.134
MinimumVisualStudioVersion = 10.0.40219.1
Project("{FAE04EC0-301F-11D3-BF4B-00C04F79EFBC}") = "4.1Iterationandsearch", "4.1Iterationandsearch\4.1Iterationandsearch.csproj", "{FBCB9376-87FF-4CFA-B2C4-9D6304079803}"
EndProject
Global
	GlobalSection(SolutionConfigurationPlatforms) = preSolution
		Debug|Any CPU = Debug|Any CPU
		Release|Any CPU = Release|Any CPU
	EndGlobalSection
	GlobalSection(ProjectConfigurationPlatforms) = postSolution
		{FBCB9376-87FF-4CFA-B2C4-9D6304079803}.Debug|Any CPU.ActiveCfg = Debug|Any CPU
		{FBCB9376-87FF-4CFA-B2C4-9D6304079803}.Debug|Any CPU.Build.0 = Debug|Any CPU
		{FBCB9376-87FF-4CFA-B2C4-9D6304079803}.Release|Any CPU.ActiveCfg = Release|Any CPU
		{FBCB9376-87FF-4CFA-B2C4-9D6304079803}.Release|Any CPU.Build.0 = Release|Any CPU
	EndGlobalSection
	GlobalSection(SolutionProperties) = preSolution
		HideSolutionNode = FALSE
	EndGlobalSection
	GlobalSection(ExtensibilityGlobals) = postSolution
		SolutionGuid = {59823F4E-701A-4146-ABAE-0AF70862803D}
	EndGlobalSection
EndGlobal
